
Microsoft Visual Studio Solution File, Format Version 12.00
# Visual Studio Version 17
VisualStudioVersion = 17.6.33815.320
MinimumVisualStudioVersion = 10.0.40219.1
Project("{FAE04EC0-301F-11D3-BF4B-00C04F79EFBC}") = "Figuras", "Figuras\Figuras.csproj", "{0E7F6EEA-CDB0-479C-8EC9-BBA3955D11CA}"
EndProject
Global
	GlobalSection(SolutionConfigurationPlatforms) = preSolution
		Debug|Any CPU = Debug|Any CPU
		Release|Any CPU = Release|Any CPU
	EndGlobalSection
	GlobalSection(ProjectConfigurationPlatforms) = postSolution
		{0E7F6EEA-CDB0-479C-8EC9-BBA3955D11CA}.Debug|Any CPU.ActiveCfg = Debug|Any CPU
		{0E7F6EEA-CDB0-479C-8EC9-BBA3955D11CA}.Debug|Any CPU.Build.0 = Debug|Any CPU
		{0E7F6EEA-CDB0-479C-8EC9-BBA3955D11CA}.Release|Any CPU.ActiveCfg = Release|Any CPU
		{0E7F6EEA-CDB0-479C-8EC9-BBA3955D11CA}.Release|Any CPU.Build.0 = Release|Any CPU
	EndGlobalSection
	GlobalSection(SolutionProperties) = preSolution
		HideSolutionNode = FALSE
	EndGlobalSection
	GlobalSection(ExtensibilityGlobals) = postSolution
		SolutionGuid = {8F1311D2-189D-4087-9249-1A24B3AF4017}
	EndGlobalSection
EndGlobal
